// !$*UTF8*$!
{
	archiveVersion = 1;
	classes = {
	};
	objectVersion = 46;
	objects = {

/* Begin PBXBuildFile section */
		E81DC1F81965A42600BD826B /* DNS.swift in Sources */ = {isa = PBXBuildFile; fileRef = E81DC1F71965A42600BD826B /* DNS.swift */; };
		E8305D75194B06E20073740A /* ActiveSocket.swift in Sources */ = {isa = PBXBuildFile; fileRef = E8305D70194B06E20073740A /* ActiveSocket.swift */; };
		E8305D76194B06E20073740A /* PassiveSocket.swift in Sources */ = {isa = PBXBuildFile; fileRef = E8305D71194B06E20073740A /* PassiveSocket.swift */; };
		E8305D77194B06E20073740A /* Socket.swift in Sources */ = {isa = PBXBuildFile; fileRef = E8305D72194B06E20073740A /* Socket.swift */; };
		E8305D78194B06E20073740A /* SocketAddress.swift in Sources */ = {isa = PBXBuildFile; fileRef = E8305D73194B06E20073740A /* SocketAddress.swift */; };
		E8305D79194B06E20073740A /* UnixUtils.swift in Sources */ = {isa = PBXBuildFile; fileRef = E8305D74194B06E20073740A /* UnixUtils.swift */; };
		E8312C93196C019200162EF7 /* SwiftSockets.framework in Frameworks */ = {isa = PBXBuildFile; fileRef = E88984B4194A751E00A831A3 /* SwiftSockets.framework */; };
		E83305A5195B92D100CCBDF5 /* UnixBridge.c in Sources */ = {isa = PBXBuildFile; fileRef = E83305A4195B92D100CCBDF5 /* UnixBridge.c */; };
		E85D5FDD194B8C6200ECC32A /* SwiftSockets.framework in Frameworks */ = {isa = PBXBuildFile; fileRef = E88984B4194A751E00A831A3 /* SwiftSockets.framework */; };
		E85D5FE9194B917900ECC32A /* main.swift in Sources */ = {isa = PBXBuildFile; fileRef = E85D5FE8194B917900ECC32A /* main.swift */; };
		E85D5FEB194B917900ECC32A /* AppDelegate.swift in Sources */ = {isa = PBXBuildFile; fileRef = E85D5FEA194B917900ECC32A /* AppDelegate.swift */; };
		E85D5FED194B917900ECC32A /* Images.xcassets in Resources */ = {isa = PBXBuildFile; fileRef = E85D5FEC194B917900ECC32A /* Images.xcassets */; };
		E85D5FF0194B917900ECC32A /* MainMenu.xib in Resources */ = {isa = PBXBuildFile; fileRef = E85D5FEE194B917900ECC32A /* MainMenu.xib */; };
		E86B8F64194B83FC000B0368 /* EchoServer.swift in Sources */ = {isa = PBXBuildFile; fileRef = E86B8F63194B83FC000B0368 /* EchoServer.swift */; };
		E88984BA194A751E00A831A3 /* SwiftSockets.h in Headers */ = {isa = PBXBuildFile; fileRef = E88984B9194A751E00A831A3 /* SwiftSockets.h */; settings = {ATTRIBUTES = (Public, ); }; };
		E88984ED194A760300A831A3 /* main.swift in Sources */ = {isa = PBXBuildFile; fileRef = E88984EC194A760300A831A3 /* main.swift */; };
		E88984EF194A760300A831A3 /* AppDelegate.swift in Sources */ = {isa = PBXBuildFile; fileRef = E88984EE194A760300A831A3 /* AppDelegate.swift */; };
		E88984F1194A760300A831A3 /* Images.xcassets in Resources */ = {isa = PBXBuildFile; fileRef = E88984F0194A760300A831A3 /* Images.xcassets */; };
		E88984F4194A760300A831A3 /* MainMenu.xib in Resources */ = {isa = PBXBuildFile; fileRef = E88984F2194A760300A831A3 /* MainMenu.xib */; };
		E8CFF6A71B53DDE9001A3B6E /* FileDescriptor.swift in Sources */ = {isa = PBXBuildFile; fileRef = E8CFF6A61B53DDE9001A3B6E /* FileDescriptor.swift */; };
/* End PBXBuildFile section */

/* Begin PBXContainerItemProxy section */
		E85D5FDE194B90C000ECC32A /* PBXContainerItemProxy */ = {
			isa = PBXContainerItemProxy;
			containerPortal = E88984A9194A74C400A831A3 /* Project object */;
			proxyType = 1;
			remoteGlobalIDString = E88984B3194A751E00A831A3;
			remoteInfo = SwiftSockets;
		};
		E864F2E0194B925A0070CA3A /* PBXContainerItemProxy */ = {
			isa = PBXContainerItemProxy;
			containerPortal = E88984A9194A74C400A831A3 /* Project object */;
			proxyType = 1;
			remoteGlobalIDString = E88984B3194A751E00A831A3;
			remoteInfo = SwiftSockets;
		};
/* End PBXContainerItemProxy section */

/* Begin PBXFileReference section */
		E81DC1F71965A42600BD826B /* DNS.swift */ = {isa = PBXFileReference; fileEncoding = 4; lastKnownFileType = sourcecode.swift; path = DNS.swift; sourceTree = "<group>"; };
		E8305D70194B06E20073740A /* ActiveSocket.swift */ = {isa = PBXFileReference; fileEncoding = 4; lastKnownFileType = sourcecode.swift; path = ActiveSocket.swift; sourceTree = "<group>"; };
		E8305D71194B06E20073740A /* PassiveSocket.swift */ = {isa = PBXFileReference; fileEncoding = 4; lastKnownFileType = sourcecode.swift; path = PassiveSocket.swift; sourceTree = "<group>"; };
		E8305D72194B06E20073740A /* Socket.swift */ = {isa = PBXFileReference; fileEncoding = 4; lastKnownFileType = sourcecode.swift; path = Socket.swift; sourceTree = "<group>"; };
		E8305D73194B06E20073740A /* SocketAddress.swift */ = {isa = PBXFileReference; fileEncoding = 4; lastKnownFileType = sourcecode.swift; path = SocketAddress.swift; sourceTree = "<group>"; };
		E8305D74194B06E20073740A /* UnixUtils.swift */ = {isa = PBXFileReference; fileEncoding = 4; lastKnownFileType = sourcecode.swift; path = UnixUtils.swift; sourceTree = "<group>"; };
		E83305A4195B92D100CCBDF5 /* UnixBridge.c */ = {isa = PBXFileReference; fileEncoding = 4; lastKnownFileType = sourcecode.c.c; path = UnixBridge.c; sourceTree = "<group>"; };
		E83FFF33197DF00E00A51E6F /* README.md */ = {isa = PBXFileReference; fileEncoding = 4; lastKnownFileType = net.daringfireball.markdown; path = README.md; sourceTree = "<group>"; };
		E85D5FE4194B917900ECC32A /* ARIFetch.app */ = {isa = PBXFileReference; explicitFileType = wrapper.application; includeInIndex = 0; path = ARIFetch.app; sourceTree = BUILT_PRODUCTS_DIR; };
		E85D5FE7194B917900ECC32A /* Info.plist */ = {isa = PBXFileReference; lastKnownFileType = text.plist.xml; path = Info.plist; sourceTree = "<group>"; };
		E85D5FE8194B917900ECC32A /* main.swift */ = {isa = PBXFileReference; lastKnownFileType = sourcecode.swift; path = main.swift; sourceTree = "<group>"; };
		E85D5FEA194B917900ECC32A /* AppDelegate.swift */ = {isa = PBXFileReference; lastKnownFileType = sourcecode.swift; path = AppDelegate.swift; sourceTree = "<group>"; };
		E85D5FEC194B917900ECC32A /* Images.xcassets */ = {isa = PBXFileReference; lastKnownFileType = folder.assetcatalog; path = Images.xcassets; sourceTree = "<group>"; };
		E85D5FEF194B917900ECC32A /* Base */ = {isa = PBXFileReference; lastKnownFileType = file.xib; name = Base; path = Base.lproj/MainMenu.xib; sourceTree = "<group>"; };
		E862B87B1BDFB70B002A4EA5 /* SwiftSockets.podspec */ = {isa = PBXFileReference; fileEncoding = 4; lastKnownFileType = text; path = SwiftSockets.podspec; sourceTree = "<group>"; };
		E86B8F63194B83FC000B0368 /* EchoServer.swift */ = {isa = PBXFileReference; fileEncoding = 4; lastKnownFileType = sourcecode.swift; path = EchoServer.swift; sourceTree = "<group>"; };
		E88984B4194A751E00A831A3 /* SwiftSockets.framework */ = {isa = PBXFileReference; explicitFileType = wrapper.framework; includeInIndex = 0; path = SwiftSockets.framework; sourceTree = BUILT_PRODUCTS_DIR; };
		E88984B8194A751E00A831A3 /* Info.plist */ = {isa = PBXFileReference; lastKnownFileType = text.plist.xml; path = Info.plist; sourceTree = "<group>"; };
		E88984B9194A751E00A831A3 /* SwiftSockets.h */ = {isa = PBXFileReference; lastKnownFileType = sourcecode.c.h; path = SwiftSockets.h; sourceTree = "<group>"; };
		E88984E8194A760300A831A3 /* ARIEchoServer.app */ = {isa = PBXFileReference; explicitFileType = wrapper.application; includeInIndex = 0; path = ARIEchoServer.app; sourceTree = BUILT_PRODUCTS_DIR; };
		E88984EB194A760300A831A3 /* Info.plist */ = {isa = PBXFileReference; lastKnownFileType = text.plist.xml; path = Info.plist; sourceTree = "<group>"; };
		E88984EC194A760300A831A3 /* main.swift */ = {isa = PBXFileReference; lastKnownFileType = sourcecode.swift; path = main.swift; sourceTree = "<group>"; };
		E88984EE194A760300A831A3 /* AppDelegate.swift */ = {isa = PBXFileReference; lastKnownFileType = sourcecode.swift; path = AppDelegate.swift; sourceTree = "<group>"; };
		E88984F0194A760300A831A3 /* Images.xcassets */ = {isa = PBXFileReference; lastKnownFileType = folder.assetcatalog; path = Images.xcassets; sourceTree = "<group>"; };
		E88984F3194A760300A831A3 /* Base */ = {isa = PBXFileReference; lastKnownFileType = file.xib; name = Base; path = Base.lproj/MainMenu.xib; sourceTree = "<group>"; };
		E8CFF6A61B53DDE9001A3B6E /* FileDescriptor.swift */ = {isa = PBXFileReference; fileEncoding = 4; lastKnownFileType = sourcecode.swift; path = FileDescriptor.swift; sourceTree = "<group>"; };
/* End PBXFileReference section */

/* Begin PBXFrameworksBuildPhase section */
		E85D5FE1194B917900ECC32A /* Frameworks */ = {
			isa = PBXFrameworksBuildPhase;
			buildActionMask = 2147483647;
			files = (
				E8312C93196C019200162EF7 /* SwiftSockets.framework in Frameworks */,
			);
			runOnlyForDeploymentPostprocessing = 0;
		};
		E88984B0194A751E00A831A3 /* Frameworks */ = {
			isa = PBXFrameworksBuildPhase;
			buildActionMask = 2147483647;
			files = (
			);
			runOnlyForDeploymentPostprocessing = 0;
		};
		E88984E5194A760300A831A3 /* Frameworks */ = {
			isa = PBXFrameworksBuildPhase;
			buildActionMask = 2147483647;
			files = (
				E85D5FDD194B8C6200ECC32A /* SwiftSockets.framework in Frameworks */,
			);
			runOnlyForDeploymentPostprocessing = 0;
		};
/* End PBXFrameworksBuildPhase section */

/* Begin PBXGroup section */
		E85D5FE5194B917900ECC32A /* ARIFetch */ = {
			isa = PBXGroup;
			children = (
				E85D5FEA194B917900ECC32A /* AppDelegate.swift */,
				E85D5FEC194B917900ECC32A /* Images.xcassets */,
				E85D5FEE194B917900ECC32A /* MainMenu.xib */,
				E85D5FE6194B917900ECC32A /* Supporting Files */,
			);
			path = ARIFetch;
			sourceTree = "<group>";
		};
		E85D5FE6194B917900ECC32A /* Supporting Files */ = {
			isa = PBXGroup;
			children = (
				E85D5FE7194B917900ECC32A /* Info.plist */,
				E85D5FE8194B917900ECC32A /* main.swift */,
			);
			name = "Supporting Files";
			sourceTree = "<group>";
		};
		E88984A8194A74C400A831A3 = {
			isa = PBXGroup;
			children = (
				E83FFF33197DF00E00A51E6F /* README.md */,
				E862B87B1BDFB70B002A4EA5 /* SwiftSockets.podspec */,
				E88984B6194A751E00A831A3 /* SwiftSockets */,
				E88984E9194A760300A831A3 /* ARIEchoServer */,
				E85D5FE5194B917900ECC32A /* ARIFetch */,
				E88984B5194A751E00A831A3 /* Products */,
			);
			sourceTree = "<group>";
		};
		E88984B5194A751E00A831A3 /* Products */ = {
			isa = PBXGroup;
			children = (
				E88984B4194A751E00A831A3 /* SwiftSockets.framework */,
				E88984E8194A760300A831A3 /* ARIEchoServer.app */,
				E85D5FE4194B917900ECC32A /* ARIFetch.app */,
			);
			name = Products;
			sourceTree = "<group>";
		};
		E88984B6194A751E00A831A3 /* SwiftSockets */ = {
			isa = PBXGroup;
			children = (
				E88984B9194A751E00A831A3 /* SwiftSockets.h */,
				E8305D72194B06E20073740A /* Socket.swift */,
				E8305D73194B06E20073740A /* SocketAddress.swift */,
				E8305D71194B06E20073740A /* PassiveSocket.swift */,
				E8305D70194B06E20073740A /* ActiveSocket.swift */,
				E8CFF6A61B53DDE9001A3B6E /* FileDescriptor.swift */,
				E8305D74194B06E20073740A /* UnixUtils.swift */,
				E81DC1F71965A42600BD826B /* DNS.swift */,
				E83305A4195B92D100CCBDF5 /* UnixBridge.c */,
				E88984B7194A751E00A831A3 /* Supporting Files */,
			);
			path = SwiftSockets;
			sourceTree = "<group>";
		};
		E88984B7194A751E00A831A3 /* Supporting Files */ = {
			isa = PBXGroup;
			children = (
				E88984B8194A751E00A831A3 /* Info.plist */,
			);
			name = "Supporting Files";
			sourceTree = "<group>";
		};
		E88984E9194A760300A831A3 /* ARIEchoServer */ = {
			isa = PBXGroup;
			children = (
				E86B8F63194B83FC000B0368 /* EchoServer.swift */,
				E88984EE194A760300A831A3 /* AppDelegate.swift */,
				E88984F0194A760300A831A3 /* Images.xcassets */,
				E88984F2194A760300A831A3 /* MainMenu.xib */,
				E88984EA194A760300A831A3 /* Supporting Files */,
			);
			path = ARIEchoServer;
			sourceTree = "<group>";
		};
		E88984EA194A760300A831A3 /* Supporting Files */ = {
			isa = PBXGroup;
			children = (
				E88984EB194A760300A831A3 /* Info.plist */,
				E88984EC194A760300A831A3 /* main.swift */,
			);
			name = "Supporting Files";
			sourceTree = "<group>";
		};
/* End PBXGroup section */

/* Begin PBXHeadersBuildPhase section */
		E88984B1194A751E00A831A3 /* Headers */ = {
			isa = PBXHeadersBuildPhase;
			buildActionMask = 2147483647;
			files = (
				E88984BA194A751E00A831A3 /* SwiftSockets.h in Headers */,
			);
			runOnlyForDeploymentPostprocessing = 0;
		};
/* End PBXHeadersBuildPhase section */

/* Begin PBXNativeTarget section */
		E85D5FE3194B917900ECC32A /* ARIFetch */ = {
			isa = PBXNativeTarget;
			buildConfigurationList = E85D5FFD194B917900ECC32A /* Build configuration list for PBXNativeTarget "ARIFetch" */;
			buildPhases = (
				E85D5FE0194B917900ECC32A /* Sources */,
				E85D5FE1194B917900ECC32A /* Frameworks */,
				E85D5FE2194B917900ECC32A /* Resources */,
			);
			buildRules = (
			);
			dependencies = (
				E864F2E1194B925A0070CA3A /* PBXTargetDependency */,
			);
			name = ARIFetch;
			productName = ARIFetch;
			productReference = E85D5FE4194B917900ECC32A /* ARIFetch.app */;
			productType = "com.apple.product-type.application";
		};
		E88984B3194A751E00A831A3 /* SwiftSockets */ = {
			isa = PBXNativeTarget;
			buildConfigurationList = E88984C8194A751E00A831A3 /* Build configuration list for PBXNativeTarget "SwiftSockets" */;
			buildPhases = (
				E88984AF194A751E00A831A3 /* Sources */,
				E88984B0194A751E00A831A3 /* Frameworks */,
				E88984B1194A751E00A831A3 /* Headers */,
				E88984B2194A751E00A831A3 /* Resources */,
			);
			buildRules = (
			);
			dependencies = (
			);
			name = SwiftSockets;
			productName = SwiftSockets;
			productReference = E88984B4194A751E00A831A3 /* SwiftSockets.framework */;
			productType = "com.apple.product-type.framework";
		};
		E88984E7194A760300A831A3 /* ARIEchoServer */ = {
			isa = PBXNativeTarget;
			buildConfigurationList = E8898501194A760300A831A3 /* Build configuration list for PBXNativeTarget "ARIEchoServer" */;
			buildPhases = (
				E88984E4194A760300A831A3 /* Sources */,
				E88984E5194A760300A831A3 /* Frameworks */,
				E88984E6194A760300A831A3 /* Resources */,
			);
			buildRules = (
			);
			dependencies = (
				E85D5FDF194B90C000ECC32A /* PBXTargetDependency */,
			);
			name = ARIEchoServer;
			productName = ARIEchoServer;
			productReference = E88984E8194A760300A831A3 /* ARIEchoServer.app */;
			productType = "com.apple.product-type.application";
		};
/* End PBXNativeTarget section */

/* Begin PBXProject section */
		E88984A9194A74C400A831A3 /* Project object */ = {
			isa = PBXProject;
			attributes = {
				LastSwiftUpdateCheck = 0700;
				LastUpgradeCheck = 0700;
				TargetAttributes = {
					E85D5FE3194B917900ECC32A = {
						CreatedOnToolsVersion = 6.0;
					};
					E88984B3194A751E00A831A3 = {
						CreatedOnToolsVersion = 6.0;
					};
					E88984E7194A760300A831A3 = {
						CreatedOnToolsVersion = 6.0;
					};
				};
			};
			buildConfigurationList = E88984AC194A74C400A831A3 /* Build configuration list for PBXProject "SwiftSockets" */;
			compatibilityVersion = "Xcode 3.2";
			developmentRegion = English;
			hasScannedForEncodings = 0;
			knownRegions = (
				en,
				Base,
			);
			mainGroup = E88984A8194A74C400A831A3;
			productRefGroup = E88984B5194A751E00A831A3 /* Products */;
			projectDirPath = "";
			projectRoot = "";
			targets = (
				E88984B3194A751E00A831A3 /* SwiftSockets */,
				E88984E7194A760300A831A3 /* ARIEchoServer */,
				E85D5FE3194B917900ECC32A /* ARIFetch */,
			);
		};
/* End PBXProject section */

/* Begin PBXResourcesBuildPhase section */
		E85D5FE2194B917900ECC32A /* Resources */ = {
			isa = PBXResourcesBuildPhase;
			buildActionMask = 2147483647;
			files = (
				E85D5FED194B917900ECC32A /* Images.xcassets in Resources */,
				E85D5FF0194B917900ECC32A /* MainMenu.xib in Resources */,
			);
			runOnlyForDeploymentPostprocessing = 0;
		};
		E88984B2194A751E00A831A3 /* Resources */ = {
			isa = PBXResourcesBuildPhase;
			buildActionMask = 2147483647;
			files = (
			);
			runOnlyForDeploymentPostprocessing = 0;
		};
		E88984E6194A760300A831A3 /* Resources */ = {
			isa = PBXResourcesBuildPhase;
			buildActionMask = 2147483647;
			files = (
				E88984F1194A760300A831A3 /* Images.xcassets in Resources */,
				E88984F4194A760300A831A3 /* MainMenu.xib in Resources */,
			);
			runOnlyForDeploymentPostprocessing = 0;
		};
/* End PBXResourcesBuildPhase section */

/* Begin PBXSourcesBuildPhase section */
		E85D5FE0194B917900ECC32A /* Sources */ = {
			isa = PBXSourcesBuildPhase;
			buildActionMask = 2147483647;
			files = (
				E85D5FEB194B917900ECC32A /* AppDelegate.swift in Sources */,
				E85D5FE9194B917900ECC32A /* main.swift in Sources */,
			);
			runOnlyForDeploymentPostprocessing = 0;
		};
		E88984AF194A751E00A831A3 /* Sources */ = {
			isa = PBXSourcesBuildPhase;
			buildActionMask = 2147483647;
			files = (
				E8305D76194B06E20073740A /* PassiveSocket.swift in Sources */,
				E8305D78194B06E20073740A /* SocketAddress.swift in Sources */,
				E81DC1F81965A42600BD826B /* DNS.swift in Sources */,
				E8305D79194B06E20073740A /* UnixUtils.swift in Sources */,
				E8305D75194B06E20073740A /* ActiveSocket.swift in Sources */,
				E83305A5195B92D100CCBDF5 /* UnixBridge.c in Sources */,
				E8CFF6A71B53DDE9001A3B6E /* FileDescriptor.swift in Sources */,
				E8305D77194B06E20073740A /* Socket.swift in Sources */,
			);
			runOnlyForDeploymentPostprocessing = 0;
		};
		E88984E4194A760300A831A3 /* Sources */ = {
			isa = PBXSourcesBuildPhase;
			buildActionMask = 2147483647;
			files = (
				E86B8F64194B83FC000B0368 /* EchoServer.swift in Sources */,
				E88984EF194A760300A831A3 /* AppDelegate.swift in Sources */,
				E88984ED194A760300A831A3 /* main.swift in Sources */,
			);
			runOnlyForDeploymentPostprocessing = 0;
		};
/* End PBXSourcesBuildPhase section */

/* Begin PBXTargetDependency section */
		E85D5FDF194B90C000ECC32A /* PBXTargetDependency */ = {
			isa = PBXTargetDependency;
			target = E88984B3194A751E00A831A3 /* SwiftSockets */;
			targetProxy = E85D5FDE194B90C000ECC32A /* PBXContainerItemProxy */;
		};
		E864F2E1194B925A0070CA3A /* PBXTargetDependency */ = {
			isa = PBXTargetDependency;
			target = E88984B3194A751E00A831A3 /* SwiftSockets */;
			targetProxy = E864F2E0194B925A0070CA3A /* PBXContainerItemProxy */;
		};
/* End PBXTargetDependency section */

/* Begin PBXVariantGroup section */
		E85D5FEE194B917900ECC32A /* MainMenu.xib */ = {
			isa = PBXVariantGroup;
			children = (
				E85D5FEF194B917900ECC32A /* Base */,
			);
			name = MainMenu.xib;
			sourceTree = "<group>";
		};
		E88984F2194A760300A831A3 /* MainMenu.xib */ = {
			isa = PBXVariantGroup;
			children = (
				E88984F3194A760300A831A3 /* Base */,
			);
			name = MainMenu.xib;
			sourceTree = "<group>";
		};
/* End PBXVariantGroup section */

/* Begin XCBuildConfiguration section */
		E85D5FFE194B917900ECC32A /* Debug */ = {
			isa = XCBuildConfiguration;
			buildSettings = {
				ALWAYS_SEARCH_USER_PATHS = NO;
				ASSETCATALOG_COMPILER_APPICON_NAME = AppIcon;
				CLANG_CXX_LANGUAGE_STANDARD = "gnu++0x";
				CLANG_CXX_LIBRARY = "libc++";
				CLANG_ENABLE_MODULES = YES;
				CLANG_ENABLE_OBJC_ARC = YES;
				CLANG_WARN_BOOL_CONVERSION = YES;
				CLANG_WARN_CONSTANT_CONVERSION = YES;
				CLANG_WARN_DIRECT_OBJC_ISA_USAGE = YES_ERROR;
				CLANG_WARN_EMPTY_BODY = YES;
				CLANG_WARN_ENUM_CONVERSION = YES;
				CLANG_WARN_INT_CONVERSION = YES;
				CLANG_WARN_OBJC_ROOT_CLASS = YES_ERROR;
				CLANG_WARN_UNREACHABLE_CODE = YES;
				CLANG_WARN__DUPLICATE_METHOD_MATCH = YES;
				CODE_SIGN_IDENTITY = "-";
				COMBINE_HIDPI_IMAGES = YES;
				COPY_PHASE_STRIP = NO;
				ENABLE_STRICT_OBJC_MSGSEND = YES;
				GCC_C_LANGUAGE_STANDARD = gnu99;
				GCC_DYNAMIC_NO_PIC = NO;
				GCC_OPTIMIZATION_LEVEL = 0;
				GCC_PREPROCESSOR_DEFINITIONS = (
					"DEBUG=1",
					"$(inherited)",
				);
				GCC_SYMBOLS_PRIVATE_EXTERN = NO;
				GCC_WARN_64_TO_32_BIT_CONVERSION = YES;
				GCC_WARN_ABOUT_RETURN_TYPE = YES_ERROR;
				GCC_WARN_UNDECLARED_SELECTOR = YES;
				GCC_WARN_UNINITIALIZED_AUTOS = YES_AGGRESSIVE;
				GCC_WARN_UNUSED_FUNCTION = YES;
				GCC_WARN_UNUSED_VARIABLE = YES;
				INFOPLIST_FILE = ARIFetch/Info.plist;
				LD_RUNPATH_SEARCH_PATHS = "$(inherited) @executable_path/../Frameworks";
				MACOSX_DEPLOYMENT_TARGET = 10.9;
				METAL_ENABLE_DEBUG_INFO = YES;
				ONLY_ACTIVE_ARCH = YES;
				PRODUCT_BUNDLE_IDENTIFIER = "de.alwaysrightinstitute.${PRODUCT_NAME:rfc1034identifier}";
				PRODUCT_NAME = "$(TARGET_NAME)";
				SDKROOT = macosx;
				SWIFT_OPTIMIZATION_LEVEL = "-Onone";
			};
			name = Debug;
		};
		E85D5FFF194B917900ECC32A /* Release */ = {
			isa = XCBuildConfiguration;
			buildSettings = {
				ALWAYS_SEARCH_USER_PATHS = NO;
				ASSETCATALOG_COMPILER_APPICON_NAME = AppIcon;
				CLANG_CXX_LANGUAGE_STANDARD = "gnu++0x";
				CLANG_CXX_LIBRARY = "libc++";
				CLANG_ENABLE_MODULES = YES;
				CLANG_ENABLE_OBJC_ARC = YES;
				CLANG_WARN_BOOL_CONVERSION = YES;
				CLANG_WARN_CONSTANT_CONVERSION = YES;
				CLANG_WARN_DIRECT_OBJC_ISA_USAGE = YES_ERROR;
				CLANG_WARN_EMPTY_BODY = YES;
				CLANG_WARN_ENUM_CONVERSION = YES;
				CLANG_WARN_INT_CONVERSION = YES;
				CLANG_WARN_OBJC_ROOT_CLASS = YES_ERROR;
				CLANG_WARN_UNREACHABLE_CODE = YES;
				CLANG_WARN__DUPLICATE_METHOD_MATCH = YES;
				CODE_SIGN_IDENTITY = "-";
				COMBINE_HIDPI_IMAGES = YES;
				COPY_PHASE_STRIP = YES;
				DEBUG_INFORMATION_FORMAT = "dwarf-with-dsym";
				ENABLE_NS_ASSERTIONS = NO;
				ENABLE_STRICT_OBJC_MSGSEND = YES;
				GCC_C_LANGUAGE_STANDARD = gnu99;
				GCC_WARN_64_TO_32_BIT_CONVERSION = YES;
				GCC_WARN_ABOUT_RETURN_TYPE = YES_ERROR;
				GCC_WARN_UNDECLARED_SELECTOR = YES;
				GCC_WARN_UNINITIALIZED_AUTOS = YES_AGGRESSIVE;
				GCC_WARN_UNUSED_FUNCTION = YES;
				GCC_WARN_UNUSED_VARIABLE = YES;
				INFOPLIST_FILE = ARIFetch/Info.plist;
				LD_RUNPATH_SEARCH_PATHS = "$(inherited) @executable_path/../Frameworks";
				MACOSX_DEPLOYMENT_TARGET = 10.9;
				METAL_ENABLE_DEBUG_INFO = NO;
				PRODUCT_BUNDLE_IDENTIFIER = "de.alwaysrightinstitute.${PRODUCT_NAME:rfc1034identifier}";
				PRODUCT_NAME = "$(TARGET_NAME)";
				SDKROOT = macosx;
			};
			name = Release;
		};
		E88984AD194A74C400A831A3 /* Debug */ = {
			isa = XCBuildConfiguration;
			buildSettings = {
				ENABLE_TESTABILITY = YES;
				MACOSX_DEPLOYMENT_TARGET = 10.9;
				ONLY_ACTIVE_ARCH = YES;
			};
			name = Debug;
		};
		E88984AE194A74C400A831A3 /* Release */ = {
			isa = XCBuildConfiguration;
			buildSettings = {
				MACOSX_DEPLOYMENT_TARGET = 10.9;
			};
			name = Release;
		};
		E88984C9194A751E00A831A3 /* Debug */ = {
			isa = XCBuildConfiguration;
			buildSettings = {
				ALWAYS_SEARCH_USER_PATHS = NO;
				CLANG_CXX_LANGUAGE_STANDARD = "gnu++0x";
				CLANG_CXX_LIBRARY = "libc++";
				CLANG_ENABLE_MODULES = YES;
				CLANG_ENABLE_OBJC_ARC = YES;
				CLANG_WARN_BOOL_CONVERSION = YES;
				CLANG_WARN_CONSTANT_CONVERSION = YES;
				CLANG_WARN_DIRECT_OBJC_ISA_USAGE = YES_ERROR;
				CLANG_WARN_EMPTY_BODY = YES;
				CLANG_WARN_ENUM_CONVERSION = YES;
				CLANG_WARN_INT_CONVERSION = YES;
				CLANG_WARN_OBJC_ROOT_CLASS = YES_ERROR;
				CLANG_WARN_UNREACHABLE_CODE = YES;
				CLANG_WARN__DUPLICATE_METHOD_MATCH = YES;
				COMBINE_HIDPI_IMAGES = YES;
				COPY_PHASE_STRIP = NO;
				CURRENT_PROJECT_VERSION = 1;
				DEFINES_MODULE = YES;
				DYLIB_COMPATIBILITY_VERSION = 1;
				DYLIB_CURRENT_VERSION = 1;
				DYLIB_INSTALL_NAME_BASE = "@rpath";
				ENABLE_STRICT_OBJC_MSGSEND = YES;
				FRAMEWORK_VERSION = A;
				GCC_C_LANGUAGE_STANDARD = gnu99;
				GCC_DYNAMIC_NO_PIC = NO;
				GCC_OPTIMIZATION_LEVEL = 0;
				GCC_PREPROCESSOR_DEFINITIONS = (
					"DEBUG=1",
					"$(inherited)",
				);
				GCC_SYMBOLS_PRIVATE_EXTERN = NO;
				GCC_WARN_64_TO_32_BIT_CONVERSION = YES;
				GCC_WARN_ABOUT_RETURN_TYPE = YES_ERROR;
				GCC_WARN_UNDECLARED_SELECTOR = YES;
				GCC_WARN_UNINITIALIZED_AUTOS = YES_AGGRESSIVE;
				GCC_WARN_UNUSED_FUNCTION = YES;
				GCC_WARN_UNUSED_VARIABLE = YES;
				INFOPLIST_FILE = SwiftSockets/Info.plist;
				INSTALL_PATH = "$(LOCAL_LIBRARY_DIR)/Frameworks";
				LD_RUNPATH_SEARCH_PATHS = "$(inherited) @executable_path/../Frameworks @loader_path/../Frameworks";
				MACOSX_DEPLOYMENT_TARGET = 10.9;
				METAL_ENABLE_DEBUG_INFO = YES;
				ONLY_ACTIVE_ARCH = YES;
				PRODUCT_BUNDLE_IDENTIFIER = "de.alwaysrightinstitute.${PRODUCT_NAME:rfc1034identifier}";
				PRODUCT_NAME = SwiftSockets;
				SDKROOT = macosx;
				SKIP_INSTALL = YES;
				SWIFT_OPTIMIZATION_LEVEL = "-Onone";
				VERSIONING_SYSTEM = "apple-generic";
				VERSION_INFO_PREFIX = "";
			};
			name = Debug;
		};
		E88984CA194A751E00A831A3 /* Release */ = {
			isa = XCBuildConfiguration;
			buildSettings = {
				ALWAYS_SEARCH_USER_PATHS = NO;
				CLANG_CXX_LANGUAGE_STANDARD = "gnu++0x";
				CLANG_CXX_LIBRARY = "libc++";
				CLANG_ENABLE_MODULES = YES;
				CLANG_ENABLE_OBJC_ARC = YES;
				CLANG_WARN_BOOL_CONVERSION = YES;
				CLANG_WARN_CONSTANT_CONVERSION = YES;
				CLANG_WARN_DIRECT_OBJC_ISA_USAGE = YES_ERROR;
				CLANG_WARN_EMPTY_BODY = YES;
				CLANG_WARN_ENUM_CONVERSION = YES;
				CLANG_WARN_INT_CONVERSION = YES;
				CLANG_WARN_OBJC_ROOT_CLASS = YES_ERROR;
				CLANG_WARN_UNREACHABLE_CODE = YES;
				CLANG_WARN__DUPLICATE_METHOD_MATCH = YES;
				COMBINE_HIDPI_IMAGES = YES;
				COPY_PHASE_STRIP = YES;
				CURRENT_PROJECT_VERSION = 1;
				DEBUG_INFORMATION_FORMAT = "dwarf-with-dsym";
				DEFINES_MODULE = YES;
				DYLIB_COMPATIBILITY_VERSION = 1;
				DYLIB_CURRENT_VERSION = 1;
				DYLIB_INSTALL_NAME_BASE = "@rpath";
				ENABLE_NS_ASSERTIONS = NO;
				ENABLE_STRICT_OBJC_MSGSEND = YES;
				FRAMEWORK_VERSION = A;
				GCC_C_LANGUAGE_STANDARD = gnu99;
				GCC_WARN_64_TO_32_BIT_CONVERSION = YES;
				GCC_WARN_ABOUT_RETURN_TYPE = YES_ERROR;
				GCC_WARN_UNDECLARED_SELECTOR = YES;
				GCC_WARN_UNINITIALIZED_AUTOS = YES_AGGRESSIVE;
				GCC_WARN_UNUSED_FUNCTION = YES;
				GCC_WARN_UNUSED_VARIABLE = YES;
				INFOPLIST_FILE = SwiftSockets/Info.plist;
				INSTALL_PATH = "$(LOCAL_LIBRARY_DIR)/Frameworks";
				LD_RUNPATH_SEARCH_PATHS = "$(inherited) @executable_path/../Frameworks @loader_path/../Frameworks";
				MACOSX_DEPLOYMENT_TARGET = 10.9;
				METAL_ENABLE_DEBUG_INFO = NO;
				PRODUCT_BUNDLE_IDENTIFIER = "de.alwaysrightinstitute.${PRODUCT_NAME:rfc1034identifier}";
				PRODUCT_NAME = SwiftSockets;
				SDKROOT = macosx;
				SKIP_INSTALL = YES;
				VERSIONING_SYSTEM = "apple-generic";
				VERSION_INFO_PREFIX = "";
			};
			name = Release;
		};
		E8898502194A760300A831A3 /* Debug */ = {
			isa = XCBuildConfiguration;
			buildSettings = {
				ALWAYS_SEARCH_USER_PATHS = NO;
				ASSETCATALOG_COMPILER_APPICON_NAME = AppIcon;
				CLANG_CXX_LANGUAGE_STANDARD = "gnu++0x";
				CLANG_CXX_LIBRARY = "libc++";
				CLANG_ENABLE_MODULES = YES;
				CLANG_ENABLE_OBJC_ARC = YES;
				CLANG_WARN_BOOL_CONVERSION = YES;
				CLANG_WARN_CONSTANT_CONVERSION = YES;
				CLANG_WARN_DIRECT_OBJC_ISA_USAGE = YES_ERROR;
				CLANG_WARN_EMPTY_BODY = YES;
				CLANG_WARN_ENUM_CONVERSION = YES;
				CLANG_WARN_INT_CONVERSION = YES;
				CLANG_WARN_OBJC_ROOT_CLASS = YES_ERROR;
				CLANG_WARN_UNREACHABLE_CODE = YES;
				CLANG_WARN__DUPLICATE_METHOD_MATCH = YES;
				CODE_SIGN_IDENTITY = "-";
				COMBINE_HIDPI_IMAGES = YES;
				COPY_PHASE_STRIP = NO;
				ENABLE_STRICT_OBJC_MSGSEND = YES;
				GCC_C_LANGUAGE_STANDARD = gnu99;
				GCC_DYNAMIC_NO_PIC = NO;
				GCC_OPTIMIZATION_LEVEL = 0;
				GCC_PREPROCESSOR_DEFINITIONS = (
					"DEBUG=1",
					"$(inherited)",
				);
				GCC_SYMBOLS_PRIVATE_EXTERN = NO;
				GCC_WARN_64_TO_32_BIT_CONVERSION = YES;
				GCC_WARN_ABOUT_RETURN_TYPE = YES_ERROR;
				GCC_WARN_UNDECLARED_SELECTOR = YES;
				GCC_WARN_UNINITIALIZED_AUTOS = YES_AGGRESSIVE;
				GCC_WARN_UNUSED_FUNCTION = YES;
				GCC_WARN_UNUSED_VARIABLE = YES;
				INFOPLIST_FILE = ARIEchoServer/Info.plist;
				LD_RUNPATH_SEARCH_PATHS = "$(inherited) @executable_path/../Frameworks";
				MACOSX_DEPLOYMENT_TARGET = 10.9;
				METAL_ENABLE_DEBUG_INFO = YES;
				ONLY_ACTIVE_ARCH = YES;
				PRODUCT_BUNDLE_IDENTIFIER = "de.alwaysrightinstitute.${PRODUCT_NAME:rfc1034identifier}";
				PRODUCT_NAME = "$(TARGET_NAME)";
				SDKROOT = macosx;
				SWIFT_OPTIMIZATION_LEVEL = "-Onone";
			};
			name = Debug;
		};
		E8898503194A760300A831A3 /* Release */ = {
			isa = XCBuildConfiguration;
			buildSettings = {
				ALWAYS_SEARCH_USER_PATHS = NO;
				ASSETCATALOG_COMPILER_APPICON_NAME = AppIcon;
				CLANG_CXX_LANGUAGE_STANDARD = "gnu++0x";
				CLANG_CXX_LIBRARY = "libc++";
				CLANG_ENABLE_MODULES = YES;
				CLANG_ENABLE_OBJC_ARC = YES;
				CLANG_WARN_BOOL_CONVERSION = YES;
				CLANG_WARN_CONSTANT_CONVERSION = YES;
				CLANG_WARN_DIRECT_OBJC_ISA_USAGE = YES_ERROR;
				CLANG_WARN_EMPTY_BODY = YES;
				CLANG_WARN_ENUM_CONVERSION = YES;
				CLANG_WARN_INT_CONVERSION = YES;
				CLANG_WARN_OBJC_ROOT_CLASS = YES_ERROR;
				CLANG_WARN_UNREACHABLE_CODE = YES;
				CLANG_WARN__DUPLICATE_METHOD_MATCH = YES;
				CODE_SIGN_IDENTITY = "-";
				COMBINE_HIDPI_IMAGES = YES;
				COPY_PHASE_STRIP = YES;
				DEBUG_INFORMATION_FORMAT = "dwarf-with-dsym";
				ENABLE_NS_ASSERTIONS = NO;
				ENABLE_STRICT_OBJC_MSGSEND = YES;
				GCC_C_LANGUAGE_STANDARD = gnu99;
				GCC_WARN_64_TO_32_BIT_CONVERSION = YES;
				GCC_WARN_ABOUT_RETURN_TYPE = YES_ERROR;
				GCC_WARN_UNDECLARED_SELECTOR = YES;
				GCC_WARN_UNINITIALIZED_AUTOS = YES_AGGRESSIVE;
				GCC_WARN_UNUSED_FUNCTION = YES;
				GCC_WARN_UNUSED_VARIABLE = YES;
				INFOPLIST_FILE = ARIEchoServer/Info.plist;
				LD_RUNPATH_SEARCH_PATHS = "$(inherited) @executable_path/../Frameworks";
				MACOSX_DEPLOYMENT_TARGET = 10.9;
				METAL_ENABLE_DEBUG_INFO = NO;
				PRODUCT_BUNDLE_IDENTIFIER = "de.alwaysrightinstitute.${PRODUCT_NAME:rfc1034identifier}";
				PRODUCT_NAME = "$(TARGET_NAME)";
				SDKROOT = macosx;
			};
			name = Release;
		};
/* End XCBuildConfiguration section */

/* Begin XCConfigurationList section */
		E85D5FFD194B917900ECC32A /* Build configuration list for PBXNativeTarget "ARIFetch" */ = {
			isa = XCConfigurationList;
			buildConfigurations = (
				E85D5FFE194B917900ECC32A /* Debug */,
				E85D5FFF194B917900ECC32A /* Release */,
			);
			defaultConfigurationIsVisible = 0;
			defaultConfigurationName = Release;
		};
		E88984AC194A74C400A831A3 /* Build configuration list for PBXProject "SwiftSockets" */ = {
			isa = XCConfigurationList;
			buildConfigurations = (
				E88984AD194A74C400A831A3 /* Debug */,
				E88984AE194A74C400A831A3 /* Release */,
			);
			defaultConfigurationIsVisible = 0;
			defaultConfigurationName = Release;
		};
		E88984C8194A751E00A831A3 /* Build configuration list for PBXNativeTarget "SwiftSockets" */ = {
			isa = XCConfigurationList;
			buildConfigurations = (
				E88984C9194A751E00A831A3 /* Debug */,
				E88984CA194A751E00A831A3 /* Release */,
			);
			defaultConfigurationIsVisible = 0;
			defaultConfigurationName = Release;
		};
		E8898501194A760300A831A3 /* Build configuration list for PBXNativeTarget "ARIEchoServer" */ = {
			isa = XCConfigurationList;
			buildConfigurations = (
				E8898502194A760300A831A3 /* Debug */,
				E8898503194A760300A831A3 /* Release */,
			);
			defaultConfigurationIsVisible = 0;
			defaultConfigurationName = Release;
		};
/* End XCConfigurationList section */
	};
	rootObject = E88984A9194A74C400A831A3 /* Project object */;
}
