<?xml version="1.0" encoding="UTF-8"?>
<!DOCTYPE plist PUBLIC "-//Apple//DTD PLIST 1.0//EN" "http://www.apple.com/DTDs/PropertyList-1.0.dtd">
<plist version="1.0">
<dict>
	<key>archiveVersion</key>
	<string>1</string>
	<key>classes</key>
	<dict/>
	<key>objectVersion</key>
	<string>46</string>
	<key>objects</key>
	<dict>
		<key>E1185E3A197EE7F500F916CB</key>
		<dict>
			<key>fileEncoding</key>
			<string>4</string>
			<key>isa</key>
			<string>PBXFileReference</string>
			<key>lastKnownFileType</key>
			<string>sourcecode.swift</string>
			<key>path</key>
			<string>server.swift</string>
			<key>sourceTree</key>
			<string>&lt;group&gt;</string>
		</dict>
		<key>E1185E3B197EE7F500F916CB</key>
		<dict>
			<key>fileRef</key>
			<string>E1185E3A197EE7F500F916CB</string>
			<key>isa</key>
			<string>PBXBuildFile</string>
		</dict>
		<key>E1185E3C197EF58000F916CB</key>
		<dict>
			<key>fileRef</key>
			<string>E1185E3A197EE7F500F916CB</string>
			<key>isa</key>
			<string>PBXBuildFile</string>
		</dict>
		<key>E1247F071956540E007B7D5C</key>
		<dict>
			<key>fileEncoding</key>
			<string>4</string>
			<key>isa</key>
			<string>PBXFileReference</string>
			<key>lastKnownFileType</key>
			<string>sourcecode.swift</string>
			<key>path</key>
			<string>main.swift</string>
			<key>sourceTree</key>
			<string>&lt;group&gt;</string>
		</dict>
		<key>E1247F081956540E007B7D5C</key>
		<dict>
			<key>fileRef</key>
			<string>E1247F071956540E007B7D5C</string>
			<key>isa</key>
			<string>PBXBuildFile</string>
		</dict>
		<key>E1247F0919565431007B7D5C</key>
		<dict>
			<key>fileEncoding</key>
			<string>4</string>
			<key>isa</key>
			<string>PBXFileReference</string>
			<key>lastKnownFileType</key>
			<string>sourcecode.swift</string>
			<key>name</key>
			<string>request.swift</string>
			<key>path</key>
			<string>request.swift</string>
			<key>sourceTree</key>
			<string>&lt;group&gt;</string>
		</dict>
		<key>E1247F0A19565431007B7D5C</key>
		<dict>
			<key>fileEncoding</key>
			<string>4</string>
			<key>isa</key>
			<string>PBXFileReference</string>
			<key>lastKnownFileType</key>
			<string>sourcecode.swift</string>
			<key>name</key>
			<string>response.swift</string>
			<key>path</key>
			<string>response.swift</string>
			<key>sourceTree</key>
			<string>&lt;group&gt;</string>
		</dict>
		<key>E1247F0B19565431007B7D5C</key>
		<dict>
			<key>fileEncoding</key>
			<string>4</string>
			<key>isa</key>
			<string>PBXFileReference</string>
			<key>lastKnownFileType</key>
			<string>sourcecode.swift</string>
			<key>name</key>
			<string>route.swift</string>
			<key>path</key>
			<string>route.swift</string>
			<key>sourceTree</key>
			<string>&lt;group&gt;</string>
		</dict>
		<key>E1247F0C19565431007B7D5C</key>
		<dict>
			<key>fileEncoding</key>
			<string>4</string>
			<key>isa</key>
			<string>PBXFileReference</string>
			<key>lastKnownFileType</key>
			<string>sourcecode.swift</string>
			<key>name</key>
			<string>router.swift</string>
			<key>path</key>
			<string>router.swift</string>
			<key>sourceTree</key>
			<string>&lt;group&gt;</string>
		</dict>
		<key>E1247F0D19565431007B7D5C</key>
		<dict>
			<key>fileEncoding</key>
			<string>4</string>
			<key>isa</key>
			<string>PBXFileReference</string>
			<key>lastKnownFileType</key>
			<string>sourcecode.swift</string>
			<key>name</key>
			<string>taylor.swift</string>
			<key>path</key>
			<string>taylor.swift</string>
			<key>sourceTree</key>
			<string>&lt;group&gt;</string>
		</dict>
		<key>E1247F0E19565431007B7D5C</key>
		<dict>
			<key>children</key>
			<array>
				<string>E1D4CE1E1958BAE8008BB3FF</string>
				<string>E1D4CE1F1958BAE8008BB3FF</string>
				<string>E1D4CE201958BAE8008BB3FF</string>
			</array>
			<key>isa</key>
			<string>PBXGroup</string>
			<key>name</key>
			<string>TCP</string>
			<key>path</key>
			<string>TCP</string>
			<key>sourceTree</key>
			<string>&lt;group&gt;</string>
		</dict>
		<key>E1247F1219565431007B7D5C</key>
		<dict>
			<key>fileRef</key>
			<string>E1247F0919565431007B7D5C</string>
			<key>isa</key>
			<string>PBXBuildFile</string>
		</dict>
		<key>E1247F1319565431007B7D5C</key>
		<dict>
			<key>fileRef</key>
			<string>E1247F0A19565431007B7D5C</string>
			<key>isa</key>
			<string>PBXBuildFile</string>
		</dict>
		<key>E1247F1419565431007B7D5C</key>
		<dict>
			<key>fileRef</key>
			<string>E1247F0B19565431007B7D5C</string>
			<key>isa</key>
			<string>PBXBuildFile</string>
		</dict>
		<key>E1247F1519565431007B7D5C</key>
		<dict>
			<key>fileRef</key>
			<string>E1247F0C19565431007B7D5C</string>
			<key>isa</key>
			<string>PBXBuildFile</string>
		</dict>
		<key>E1247F1619565431007B7D5C</key>
		<dict>
			<key>fileRef</key>
			<string>E1247F0D19565431007B7D5C</string>
			<key>isa</key>
			<string>PBXBuildFile</string>
		</dict>
		<key>E18467C3195B33960038B8D7</key>
		<dict>
			<key>fileEncoding</key>
			<string>4</string>
			<key>isa</key>
			<string>PBXFileReference</string>
			<key>lastKnownFileType</key>
			<string>sourcecode.swift</string>
			<key>name</key>
			<string>fileTypes.swift</string>
			<key>path</key>
			<string>fileTypes.swift</string>
			<key>sourceTree</key>
			<string>&lt;group&gt;</string>
		</dict>
		<key>E18467C4195B33960038B8D7</key>
		<dict>
			<key>fileRef</key>
			<string>E18467C3195B33960038B8D7</string>
			<key>isa</key>
			<string>PBXBuildFile</string>
		</dict>
		<key>E19349B319564CA2001E92EE</key>
		<dict>
			<key>children</key>
			<array>
				<string>E1A84F6D195CA2C90008C15A</string>
				<string>E1A84F6B195CA2C50008C15A</string>
				<string>E19349BE19564CA2001E92EE</string>
				<string>E1A84F4F195CA0EA0008C15A</string>
				<string>E1A84F5C195CA2030008C15A</string>
				<string>E19349BD19564CA2001E92EE</string>
			</array>
			<key>isa</key>
			<string>PBXGroup</string>
			<key>sourceTree</key>
			<string>&lt;group&gt;</string>
		</dict>
		<key>E19349B419564CA2001E92EE</key>
		<dict>
			<key>attributes</key>
			<dict>
				<key>LastUpgradeCheck</key>
				<string>0600</string>
				<key>ORGANIZATIONNAME</key>
				<string>Jorge Izquierdo</string>
				<key>TargetAttributes</key>
				<dict>
					<key>E19349BB19564CA2001E92EE</key>
					<dict>
						<key>CreatedOnToolsVersion</key>
						<string>6.0</string>
					</dict>
					<key>E1A84F5A195CA2030008C15A</key>
					<dict>
						<key>CreatedOnToolsVersion</key>
						<string>6.0</string>
					</dict>
				</dict>
			</dict>
			<key>buildConfigurationList</key>
			<string>E19349B719564CA2001E92EE</string>
			<key>compatibilityVersion</key>
			<string>Xcode 3.2</string>
			<key>developmentRegion</key>
			<string>English</string>
			<key>hasScannedForEncodings</key>
			<string>0</string>
			<key>isa</key>
			<string>PBXProject</string>
			<key>knownRegions</key>
			<array>
				<string>en</string>
			</array>
			<key>mainGroup</key>
			<string>E19349B319564CA2001E92EE</string>
			<key>productRefGroup</key>
			<string>E19349BD19564CA2001E92EE</string>
			<key>projectDirPath</key>
			<string></string>
			<key>projectReferences</key>
			<array/>
			<key>projectRoot</key>
			<string></string>
			<key>targets</key>
			<array>
				<string>E19349BB19564CA2001E92EE</string>
				<string>E1A84F5A195CA2030008C15A</string>
			</array>
		</dict>
		<key>E19349B719564CA2001E92EE</key>
		<dict>
			<key>buildConfigurations</key>
			<array>
				<string>E19349C119564CA2001E92EE</string>
				<string>E19349C219564CA2001E92EE</string>
			</array>
			<key>defaultConfigurationIsVisible</key>
			<string>0</string>
			<key>defaultConfigurationName</key>
			<string>Release</string>
			<key>isa</key>
			<string>XCConfigurationList</string>
		</dict>
		<key>E19349B819564CA2001E92EE</key>
		<dict>
			<key>buildActionMask</key>
			<string>2147483647</string>
			<key>files</key>
			<array>
				<string>E1247F1319565431007B7D5C</string>
				<string>E1C46B5B195A08BE00ABCEA9</string>
				<string>E1247F1419565431007B7D5C</string>
				<string>E1247F1619565431007B7D5C</string>
				<string>E1247F081956540E007B7D5C</string>
				<string>E1247F1519565431007B7D5C</string>
				<string>E1185E3B197EE7F500F916CB</string>
				<string>E1D4CE211958BAE8008BB3FF</string>
				<string>E1247F1219565431007B7D5C</string>
				<string>E18467C4195B33960038B8D7</string>
			</array>
			<key>isa</key>
			<string>PBXSourcesBuildPhase</string>
			<key>runOnlyForDeploymentPostprocessing</key>
			<string>0</string>
		</dict>
		<key>E19349B919564CA2001E92EE</key>
		<dict>
			<key>buildActionMask</key>
			<string>2147483647</string>
			<key>files</key>
			<array/>
			<key>isa</key>
			<string>PBXFrameworksBuildPhase</string>
			<key>runOnlyForDeploymentPostprocessing</key>
			<string>0</string>
		</dict>
		<key>E19349BA19564CA2001E92EE</key>
		<dict>
			<key>buildActionMask</key>
			<string>2147483647</string>
			<key>dstPath</key>
			<string>/usr/share/man/man1/</string>
			<key>dstSubfolderSpec</key>
			<string>0</string>
			<key>files</key>
			<array/>
			<key>isa</key>
			<string>PBXCopyFilesBuildPhase</string>
			<key>runOnlyForDeploymentPostprocessing</key>
			<string>1</string>
		</dict>
		<key>E19349BB19564CA2001E92EE</key>
		<dict>
			<key>buildConfigurationList</key>
			<string>E19349C319564CA2001E92EE</string>
			<key>buildPhases</key>
			<array>
				<string>E19349B819564CA2001E92EE</string>
				<string>E19349B919564CA2001E92EE</string>
				<string>E19349BA19564CA2001E92EE</string>
			</array>
			<key>buildRules</key>
			<array/>
			<key>dependencies</key>
			<array/>
			<key>isa</key>
			<string>PBXNativeTarget</string>
			<key>name</key>
			<string>Taylor</string>
			<key>productName</key>
			<string>Taylor</string>
			<key>productReference</key>
			<string>E19349BC19564CA2001E92EE</string>
			<key>productType</key>
			<string>com.apple.product-type.tool</string>
		</dict>
		<key>E19349BC19564CA2001E92EE</key>
		<dict>
			<key>explicitFileType</key>
			<string>compiled.mach-o.executable</string>
			<key>includeInIndex</key>
			<string>0</string>
			<key>isa</key>
			<string>PBXFileReference</string>
			<key>path</key>
			<string>Taylor</string>
			<key>sourceTree</key>
			<string>BUILT_PRODUCTS_DIR</string>
		</dict>
		<key>E19349BD19564CA2001E92EE</key>
		<dict>
			<key>children</key>
			<array>
				<string>E19349BC19564CA2001E92EE</string>
				<string>E1A84F5B195CA2030008C15A</string>
			</array>
			<key>isa</key>
			<string>PBXGroup</string>
			<key>name</key>
			<string>Products</string>
			<key>sourceTree</key>
			<string>&lt;group&gt;</string>
		</dict>
		<key>E19349BE19564CA2001E92EE</key>
		<dict>
			<key>children</key>
			<array>
				<string>E1247F071956540E007B7D5C</string>
				<string>E19349D519564CF0001E92EE</string>
			</array>
			<key>isa</key>
			<string>PBXGroup</string>
			<key>path</key>
			<string>Taylor</string>
			<key>sourceTree</key>
			<string>&lt;group&gt;</string>
		</dict>
		<key>E19349C119564CA2001E92EE</key>
		<dict>
			<key>buildSettings</key>
			<dict>
				<key>ALWAYS_SEARCH_USER_PATHS</key>
				<string>NO</string>
				<key>CLANG_CXX_LANGUAGE_STANDARD</key>
				<string>gnu++0x</string>
				<key>CLANG_CXX_LIBRARY</key>
				<string>libc++</string>
				<key>CLANG_ENABLE_MODULES</key>
				<string>YES</string>
				<key>CLANG_ENABLE_OBJC_ARC</key>
				<string>YES</string>
				<key>CLANG_WARN_BOOL_CONVERSION</key>
				<string>YES</string>
				<key>CLANG_WARN_CONSTANT_CONVERSION</key>
				<string>YES</string>
				<key>CLANG_WARN_DIRECT_OBJC_ISA_USAGE</key>
				<string>YES_ERROR</string>
				<key>CLANG_WARN_EMPTY_BODY</key>
				<string>YES</string>
				<key>CLANG_WARN_ENUM_CONVERSION</key>
				<string>YES</string>
				<key>CLANG_WARN_INT_CONVERSION</key>
				<string>YES</string>
				<key>CLANG_WARN_OBJC_ROOT_CLASS</key>
				<string>YES_ERROR</string>
				<key>CLANG_WARN_UNREACHABLE_CODE</key>
				<string>YES</string>
				<key>CLANG_WARN__DUPLICATE_METHOD_MATCH</key>
				<string>YES</string>
				<key>COPY_PHASE_STRIP</key>
				<string>NO</string>
				<key>ENABLE_STRICT_OBJC_MSGSEND</key>
				<string>YES</string>
				<key>GCC_C_LANGUAGE_STANDARD</key>
				<string>gnu99</string>
				<key>GCC_DYNAMIC_NO_PIC</key>
				<string>NO</string>
				<key>GCC_OPTIMIZATION_LEVEL</key>
				<string>0</string>
				<key>GCC_PREPROCESSOR_DEFINITIONS</key>
				<array>
					<string>DEBUG=1</string>
					<string>$(inherited)</string>
				</array>
				<key>GCC_SYMBOLS_PRIVATE_EXTERN</key>
				<string>NO</string>
				<key>GCC_WARN_64_TO_32_BIT_CONVERSION</key>
				<string>YES</string>
				<key>GCC_WARN_ABOUT_RETURN_TYPE</key>
				<string>YES_ERROR</string>
				<key>GCC_WARN_UNDECLARED_SELECTOR</key>
				<string>YES</string>
				<key>GCC_WARN_UNINITIALIZED_AUTOS</key>
				<string>YES_AGGRESSIVE</string>
				<key>GCC_WARN_UNUSED_FUNCTION</key>
				<string>YES</string>
				<key>GCC_WARN_UNUSED_VARIABLE</key>
				<string>YES</string>
				<key>MACOSX_DEPLOYMENT_TARGET</key>
				<string>10.9</string>
				<key>METAL_ENABLE_DEBUG_INFO</key>
				<string>YES</string>
				<key>ONLY_ACTIVE_ARCH</key>
				<string>YES</string>
				<key>SDKROOT</key>
				<string>macosx</string>
				<key>SWIFT_OPTIMIZATION_LEVEL</key>
				<string>-Onone</string>
			</dict>
			<key>isa</key>
			<string>XCBuildConfiguration</string>
			<key>name</key>
			<string>Debug</string>
		</dict>
		<key>E19349C219564CA2001E92EE</key>
		<dict>
			<key>buildSettings</key>
			<dict>
				<key>ALWAYS_SEARCH_USER_PATHS</key>
				<string>NO</string>
				<key>CLANG_CXX_LANGUAGE_STANDARD</key>
				<string>gnu++0x</string>
				<key>CLANG_CXX_LIBRARY</key>
				<string>libc++</string>
				<key>CLANG_ENABLE_MODULES</key>
				<string>YES</string>
				<key>CLANG_ENABLE_OBJC_ARC</key>
				<string>YES</string>
				<key>CLANG_WARN_BOOL_CONVERSION</key>
				<string>YES</string>
				<key>CLANG_WARN_CONSTANT_CONVERSION</key>
				<string>YES</string>
				<key>CLANG_WARN_DIRECT_OBJC_ISA_USAGE</key>
				<string>YES_ERROR</string>
				<key>CLANG_WARN_EMPTY_BODY</key>
				<string>YES</string>
				<key>CLANG_WARN_ENUM_CONVERSION</key>
				<string>YES</string>
				<key>CLANG_WARN_INT_CONVERSION</key>
				<string>YES</string>
				<key>CLANG_WARN_OBJC_ROOT_CLASS</key>
				<string>YES_ERROR</string>
				<key>CLANG_WARN_UNREACHABLE_CODE</key>
				<string>YES</string>
				<key>CLANG_WARN__DUPLICATE_METHOD_MATCH</key>
				<string>YES</string>
				<key>COPY_PHASE_STRIP</key>
				<string>YES</string>
				<key>DEBUG_INFORMATION_FORMAT</key>
				<string>dwarf-with-dsym</string>
				<key>ENABLE_NS_ASSERTIONS</key>
				<string>NO</string>
				<key>ENABLE_STRICT_OBJC_MSGSEND</key>
				<string>YES</string>
				<key>GCC_C_LANGUAGE_STANDARD</key>
				<string>gnu99</string>
				<key>GCC_WARN_64_TO_32_BIT_CONVERSION</key>
				<string>YES</string>
				<key>GCC_WARN_ABOUT_RETURN_TYPE</key>
				<string>YES_ERROR</string>
				<key>GCC_WARN_UNDECLARED_SELECTOR</key>
				<string>YES</string>
				<key>GCC_WARN_UNINITIALIZED_AUTOS</key>
				<string>YES_AGGRESSIVE</string>
				<key>GCC_WARN_UNUSED_FUNCTION</key>
				<string>YES</string>
				<key>GCC_WARN_UNUSED_VARIABLE</key>
				<string>YES</string>
				<key>MACOSX_DEPLOYMENT_TARGET</key>
				<string>10.9</string>
				<key>METAL_ENABLE_DEBUG_INFO</key>
				<string>NO</string>
				<key>SDKROOT</key>
				<string>macosx</string>
			</dict>
			<key>isa</key>
			<string>XCBuildConfiguration</string>
			<key>name</key>
			<string>Release</string>
		</dict>
		<key>E19349C319564CA2001E92EE</key>
		<dict>
			<key>buildConfigurations</key>
			<array>
				<string>E19349C419564CA2001E92EE</string>
				<string>E19349C519564CA2001E92EE</string>
			</array>
			<key>defaultConfigurationIsVisible</key>
			<string>0</string>
			<key>defaultConfigurationName</key>
			<string>Release</string>
			<key>isa</key>
			<string>XCConfigurationList</string>
		</dict>
		<key>E19349C419564CA2001E92EE</key>
		<dict>
			<key>buildSettings</key>
			<dict>
				<key>CLANG_ENABLE_MODULES</key>
				<string>YES</string>
				<key>LD_RUNPATH_SEARCH_PATHS</key>
				<string>$(inherited) @executable_path/../Frameworks @loader_path/../Frameworks</string>
				<key>PRODUCT_NAME</key>
				<string>$(TARGET_NAME)</string>
				<key>SWIFT_OBJC_BRIDGING_HEADER</key>
				<string>Taylor/dependencies/Taylor-Bridging-Header.h</string>
				<key>SWIFT_OPTIMIZATION_LEVEL</key>
				<string>-Onone</string>
			</dict>
			<key>isa</key>
			<string>XCBuildConfiguration</string>
			<key>name</key>
			<string>Debug</string>
		</dict>
		<key>E19349C519564CA2001E92EE</key>
		<dict>
			<key>buildSettings</key>
			<dict>
				<key>CLANG_ENABLE_MODULES</key>
				<string>YES</string>
				<key>LD_RUNPATH_SEARCH_PATHS</key>
				<string>$(inherited) @executable_path/../Frameworks @loader_path/../Frameworks</string>
				<key>PRODUCT_NAME</key>
				<string>$(TARGET_NAME)</string>
				<key>SWIFT_OBJC_BRIDGING_HEADER</key>
				<string>Taylor/dependencies/Taylor-Bridging-Header.h</string>
			</dict>
			<key>isa</key>
			<string>XCBuildConfiguration</string>
			<key>name</key>
			<string>Release</string>
		</dict>
		<key>E19349D519564CF0001E92EE</key>
		<dict>
			<key>children</key>
			<array>
				<string>E1247F0D19565431007B7D5C</string>
				<string>E1185E3A197EE7F500F916CB</string>
				<string>E1247F0919565431007B7D5C</string>
				<string>E1247F0A19565431007B7D5C</string>
				<string>E1247F0C19565431007B7D5C</string>
				<string>E1247F0B19565431007B7D5C</string>
				<string>E1C46B5A195A08BE00ABCEA9</string>
				<string>E18467C3195B33960038B8D7</string>
				<string>E1247F0E19565431007B7D5C</string>
			</array>
			<key>isa</key>
			<string>PBXGroup</string>
			<key>path</key>
			<string>Taylor</string>
			<key>sourceTree</key>
			<string>&lt;group&gt;</string>
		</dict>
		<key>E1A84F4F195CA0EA0008C15A</key>
		<dict>
			<key>children</key>
			<array>
				<string>E1A84F52195CA0EA0008C15A</string>
				<string>E1A84F50195CA0EA0008C15A</string>
			</array>
			<key>isa</key>
			<string>PBXGroup</string>
			<key>path</key>
			<string>Taylor-Tests</string>
			<key>sourceTree</key>
			<string>&lt;group&gt;</string>
		</dict>
		<key>E1A84F50195CA0EA0008C15A</key>
		<dict>
			<key>children</key>
			<array>
				<string>E1A84F51195CA0EA0008C15A</string>
			</array>
			<key>isa</key>
			<string>PBXGroup</string>
			<key>name</key>
			<string>Supporting Files</string>
			<key>path</key>
			<string>Supporting Files</string>
			<key>sourceTree</key>
			<string>&lt;group&gt;</string>
		</dict>
		<key>E1A84F51195CA0EA0008C15A</key>
		<dict>
			<key>isa</key>
			<string>PBXFileReference</string>
			<key>lastKnownFileType</key>
			<string>text.plist.xml</string>
			<key>path</key>
			<string>Info.plist</string>
			<key>sourceTree</key>
			<string>&lt;group&gt;</string>
		</dict>
		<key>E1A84F52195CA0EA0008C15A</key>
		<dict>
			<key>isa</key>
			<string>PBXFileReference</string>
			<key>lastKnownFileType</key>
			<string>sourcecode.swift</string>
			<key>path</key>
			<string>Taylor_Tests.swift</string>
			<key>sourceTree</key>
			<string>&lt;group&gt;</string>
		</dict>
		<key>E1A84F57195CA2030008C15A</key>
		<dict>
			<key>buildActionMask</key>
			<string>2147483647</string>
			<key>files</key>
			<array>
				<string>E1A84F6F195CA2DB0008C15A</string>
				<string>E1A84F66195CA20A0008C15A</string>
				<string>E1A84F64195CA20A0008C15A</string>
				<string>E1A84F60195CA2030008C15A</string>
				<string>E1A84F69195CA20A0008C15A</string>
				<string>E1A84F68195CA20A0008C15A</string>
				<string>E1185E3C197EF58000F916CB</string>
				<string>E1A84F67195CA20A0008C15A</string>
				<string>E1A84F65195CA20A0008C15A</string>
				<string>E1A84F6A195CA20A0008C15A</string>
			</array>
			<key>isa</key>
			<string>PBXSourcesBuildPhase</string>
			<key>runOnlyForDeploymentPostprocessing</key>
			<string>0</string>
		</dict>
		<key>E1A84F58195CA2030008C15A</key>
		<dict>
			<key>buildActionMask</key>
			<string>2147483647</string>
			<key>files</key>
			<array>
				<string>E1A84F6E195CA2C90008C15A</string>
				<string>E1A84F6C195CA2C50008C15A</string>
			</array>
			<key>isa</key>
			<string>PBXFrameworksBuildPhase</string>
			<key>runOnlyForDeploymentPostprocessing</key>
			<string>0</string>
		</dict>
		<key>E1A84F59195CA2030008C15A</key>
		<dict>
			<key>buildActionMask</key>
			<string>2147483647</string>
			<key>files</key>
			<array/>
			<key>isa</key>
			<string>PBXResourcesBuildPhase</string>
			<key>runOnlyForDeploymentPostprocessing</key>
			<string>0</string>
		</dict>
		<key>E1A84F5A195CA2030008C15A</key>
		<dict>
			<key>buildConfigurationList</key>
			<string>E1A84F61195CA2030008C15A</string>
			<key>buildPhases</key>
			<array>
				<string>E1A84F57195CA2030008C15A</string>
				<string>E1A84F58195CA2030008C15A</string>
				<string>E1A84F59195CA2030008C15A</string>
			</array>
			<key>buildRules</key>
			<array/>
			<key>dependencies</key>
			<array/>
			<key>isa</key>
			<string>PBXNativeTarget</string>
			<key>name</key>
			<string>Taylor-Tests</string>
			<key>productName</key>
			<string>Taylor-Tests</string>
			<key>productReference</key>
			<string>E1A84F5B195CA2030008C15A</string>
			<key>productType</key>
			<string>com.apple.product-type.bundle.unit-test</string>
		</dict>
		<key>E1A84F5B195CA2030008C15A</key>
		<dict>
			<key>explicitFileType</key>
			<string>wrapper.cfbundle</string>
			<key>includeInIndex</key>
			<string>0</string>
			<key>isa</key>
			<string>PBXFileReference</string>
			<key>path</key>
			<string>Taylor-Tests.xctest</string>
			<key>sourceTree</key>
			<string>BUILT_PRODUCTS_DIR</string>
		</dict>
		<key>E1A84F5C195CA2030008C15A</key>
		<dict>
			<key>children</key>
			<array>
				<string>E1A84F5F195CA2030008C15A</string>
				<string>E1A84F5D195CA2030008C15A</string>
			</array>
			<key>isa</key>
			<string>PBXGroup</string>
			<key>path</key>
			<string>Taylor-Tests</string>
			<key>sourceTree</key>
			<string>&lt;group&gt;</string>
		</dict>
		<key>E1A84F5D195CA2030008C15A</key>
		<dict>
			<key>children</key>
			<array>
				<string>E1A84F5E195CA2030008C15A</string>
			</array>
			<key>isa</key>
			<string>PBXGroup</string>
			<key>name</key>
			<string>Supporting Files</string>
			<key>path</key>
			<string>Supporting Files</string>
			<key>sourceTree</key>
			<string>&lt;group&gt;</string>
		</dict>
		<key>E1A84F5E195CA2030008C15A</key>
		<dict>
			<key>isa</key>
			<string>PBXFileReference</string>
			<key>lastKnownFileType</key>
			<string>text.plist.xml</string>
			<key>path</key>
			<string>Info.plist</string>
			<key>sourceTree</key>
			<string>&lt;group&gt;</string>
		</dict>
		<key>E1A84F5F195CA2030008C15A</key>
		<dict>
			<key>isa</key>
			<string>PBXFileReference</string>
			<key>lastKnownFileType</key>
			<string>sourcecode.swift</string>
			<key>path</key>
			<string>Taylor_Tests.swift</string>
			<key>sourceTree</key>
			<string>&lt;group&gt;</string>
		</dict>
		<key>E1A84F60195CA2030008C15A</key>
		<dict>
			<key>fileRef</key>
			<string>E1A84F5F195CA2030008C15A</string>
			<key>isa</key>
			<string>PBXBuildFile</string>
		</dict>
		<key>E1A84F61195CA2030008C15A</key>
		<dict>
			<key>buildConfigurations</key>
			<array>
				<string>E1A84F62195CA2030008C15A</string>
				<string>E1A84F63195CA2030008C15A</string>
			</array>
			<key>defaultConfigurationIsVisible</key>
			<string>0</string>
			<key>defaultConfigurationName</key>
			<string>Release</string>
			<key>isa</key>
			<string>XCConfigurationList</string>
		</dict>
		<key>E1A84F62195CA2030008C15A</key>
		<dict>
			<key>buildSettings</key>
			<dict>
				<key>FRAMEWORK_SEARCH_PATHS</key>
				<array>
					<string>$(DEVELOPER_FRAMEWORKS_DIR)</string>
					<string>$(inherited)</string>
				</array>
				<key>GCC_PREPROCESSOR_DEFINITIONS</key>
				<array>
					<string>DEBUG=1</string>
					<string>$(inherited)</string>
				</array>
				<key>INFOPLIST_FILE</key>
				<string>Taylor-Tests/Supporting Files/Info.plist</string>
				<key>LD_RUNPATH_SEARCH_PATHS</key>
				<string>$(inherited) @executable_path/../Frameworks @loader_path/../Frameworks</string>
				<key>METAL_ENABLE_DEBUG_INFO</key>
				<string>YES</string>
				<key>PRODUCT_NAME</key>
				<string>$(TARGET_NAME)</string>
				<key>SWIFT_OBJC_BRIDGING_HEADER</key>
				<string>Taylor/dependencies/Taylor-Bridging-Header.h</string>
			</dict>
			<key>isa</key>
			<string>XCBuildConfiguration</string>
			<key>name</key>
			<string>Debug</string>
		</dict>
		<key>E1A84F63195CA2030008C15A</key>
		<dict>
			<key>buildSettings</key>
			<dict>
				<key>FRAMEWORK_SEARCH_PATHS</key>
				<array>
					<string>$(DEVELOPER_FRAMEWORKS_DIR)</string>
					<string>$(inherited)</string>
				</array>
				<key>INFOPLIST_FILE</key>
				<string>Taylor-Tests/Supporting Files/Info.plist</string>
				<key>LD_RUNPATH_SEARCH_PATHS</key>
				<string>$(inherited) @executable_path/../Frameworks @loader_path/../Frameworks</string>
				<key>METAL_ENABLE_DEBUG_INFO</key>
				<string>NO</string>
				<key>PRODUCT_NAME</key>
				<string>$(TARGET_NAME)</string>
				<key>SWIFT_OBJC_BRIDGING_HEADER</key>
				<string>Taylor/dependencies/Taylor-Bridging-Header.h</string>
			</dict>
			<key>isa</key>
			<string>XCBuildConfiguration</string>
			<key>name</key>
			<string>Release</string>
		</dict>
		<key>E1A84F64195CA20A0008C15A</key>
		<dict>
			<key>fileRef</key>
			<string>E1247F0D19565431007B7D5C</string>
			<key>isa</key>
			<string>PBXBuildFile</string>
		</dict>
		<key>E1A84F65195CA20A0008C15A</key>
		<dict>
			<key>fileRef</key>
			<string>E1247F0919565431007B7D5C</string>
			<key>isa</key>
			<string>PBXBuildFile</string>
		</dict>
		<key>E1A84F66195CA20A0008C15A</key>
		<dict>
			<key>fileRef</key>
			<string>E1247F0A19565431007B7D5C</string>
			<key>isa</key>
			<string>PBXBuildFile</string>
		</dict>
		<key>E1A84F67195CA20A0008C15A</key>
		<dict>
			<key>fileRef</key>
			<string>E1247F0C19565431007B7D5C</string>
			<key>isa</key>
			<string>PBXBuildFile</string>
		</dict>
		<key>E1A84F68195CA20A0008C15A</key>
		<dict>
			<key>fileRef</key>
			<string>E1247F0B19565431007B7D5C</string>
			<key>isa</key>
			<string>PBXBuildFile</string>
		</dict>
		<key>E1A84F69195CA20A0008C15A</key>
		<dict>
			<key>fileRef</key>
			<string>E1C46B5A195A08BE00ABCEA9</string>
			<key>isa</key>
			<string>PBXBuildFile</string>
		</dict>
		<key>E1A84F6A195CA20A0008C15A</key>
		<dict>
			<key>fileRef</key>
			<string>E18467C3195B33960038B8D7</string>
			<key>isa</key>
			<string>PBXBuildFile</string>
		</dict>
		<key>E1A84F6B195CA2C50008C15A</key>
		<dict>
			<key>isa</key>
			<string>PBXFileReference</string>
			<key>lastKnownFileType</key>
			<string>wrapper.framework</string>
			<key>name</key>
			<string>Security.framework</string>
			<key>path</key>
			<string>System/Library/Frameworks/Security.framework</string>
			<key>sourceTree</key>
			<string>SDKROOT</string>
		</dict>
		<key>E1A84F6C195CA2C50008C15A</key>
		<dict>
			<key>fileRef</key>
			<string>E1A84F6B195CA2C50008C15A</string>
			<key>isa</key>
			<string>PBXBuildFile</string>
		</dict>
		<key>E1A84F6D195CA2C90008C15A</key>
		<dict>
			<key>isa</key>
			<string>PBXFileReference</string>
			<key>lastKnownFileType</key>
			<string>wrapper.framework</string>
			<key>name</key>
			<string>CFNetwork.framework</string>
			<key>path</key>
			<string>System/Library/Frameworks/CFNetwork.framework</string>
			<key>sourceTree</key>
			<string>SDKROOT</string>
		</dict>
		<key>E1A84F6E195CA2C90008C15A</key>
		<dict>
			<key>fileRef</key>
			<string>E1A84F6D195CA2C90008C15A</string>
			<key>isa</key>
			<string>PBXBuildFile</string>
		</dict>
		<key>E1A84F6F195CA2DB0008C15A</key>
		<dict>
			<key>fileRef</key>
			<string>E1D4CE1F1958BAE8008BB3FF</string>
			<key>isa</key>
			<string>PBXBuildFile</string>
		</dict>
		<key>E1C46B5A195A08BE00ABCEA9</key>
		<dict>
			<key>fileEncoding</key>
			<string>4</string>
			<key>isa</key>
			<string>PBXFileReference</string>
			<key>lastKnownFileType</key>
			<string>sourcecode.swift</string>
			<key>name</key>
			<string>middleware.swift</string>
			<key>path</key>
			<string>middleware.swift</string>
			<key>sourceTree</key>
			<string>&lt;group&gt;</string>
		</dict>
		<key>E1C46B5B195A08BE00ABCEA9</key>
		<dict>
			<key>fileRef</key>
			<string>E1C46B5A195A08BE00ABCEA9</string>
			<key>isa</key>
			<string>PBXBuildFile</string>
		</dict>
		<key>E1D4CE1E1958BAE8008BB3FF</key>
		<dict>
			<key>fileEncoding</key>
			<string>4</string>
			<key>isa</key>
			<string>PBXFileReference</string>
			<key>lastKnownFileType</key>
			<string>sourcecode.c.h</string>
			<key>name</key>
			<string>GCDAsyncSocket.h</string>
			<key>path</key>
			<string>GCDAsyncSocket.h</string>
			<key>sourceTree</key>
			<string>&lt;group&gt;</string>
		</dict>
		<key>E1D4CE1F1958BAE8008BB3FF</key>
		<dict>
			<key>fileEncoding</key>
			<string>4</string>
			<key>isa</key>
			<string>PBXFileReference</string>
			<key>lastKnownFileType</key>
			<string>sourcecode.c.objc</string>
			<key>name</key>
			<string>GCDAsyncSocket.m</string>
			<key>path</key>
			<string>GCDAsyncSocket.m</string>
			<key>sourceTree</key>
			<string>&lt;group&gt;</string>
		</dict>
		<key>E1D4CE201958BAE8008BB3FF</key>
		<dict>
			<key>fileEncoding</key>
			<string>4</string>
			<key>isa</key>
			<string>PBXFileReference</string>
			<key>lastKnownFileType</key>
			<string>sourcecode.c.h</string>
			<key>name</key>
			<string>Taylor-Bridging-Header.h</string>
			<key>path</key>
			<string>Taylor-Bridging-Header.h</string>
			<key>sourceTree</key>
			<string>&lt;group&gt;</string>
		</dict>
		<key>E1D4CE211958BAE8008BB3FF</key>
		<dict>
			<key>fileRef</key>
			<string>E1D4CE1F1958BAE8008BB3FF</string>
			<key>isa</key>
			<string>PBXBuildFile</string>
		</dict>
	</dict>
	<key>rootObject</key>
	<string>E19349B419564CA2001E92EE</string>
</dict>
</plist>
